
Microsoft Visual Studio Solution File, Format Version 12.00
# Visual Studio Version 17
VisualStudioVersion = 17.10.34928.147
MinimumVisualStudioVersion = 10.0.40219.1
Project("{FAE04EC0-301F-11D3-BF4B-00C04F79EFBC}") = "ProjectMVC", "ProjectMVC\ProjectMVC.csproj", "{F4BC0905-CF7A-4169-A450-71F4041EDAFF}"
EndProject
Global
	GlobalSection(SolutionConfigurationPlatforms) = preSolution
		Debug|Any CPU = Debug|Any CPU
		Release|Any CPU = Release|Any CPU
	EndGlobalSection
	GlobalSection(ProjectConfigurationPlatforms) = postSolution
		{F4BC0905-CF7A-4169-A450-71F4041EDAFF}.Debug|Any CPU.ActiveCfg = Debug|Any CPU
		{F4BC0905-CF7A-4169-A450-71F4041EDAFF}.Debug|Any CPU.Build.0 = Debug|Any CPU
		{F4BC0905-CF7A-4169-A450-71F4041EDAFF}.Release|Any CPU.ActiveCfg = Release|Any CPU
		{F4BC0905-CF7A-4169-A450-71F4041EDAFF}.Release|Any CPU.Build.0 = Release|Any CPU
	EndGlobalSection
	GlobalSection(SolutionProperties) = preSolution
		HideSolutionNode = FALSE
	EndGlobalSection
	GlobalSection(ExtensibilityGlobals) = postSolution
		SolutionGuid = {33BFCC9B-AB59-442A-849E-2F7CE1A28E25}
	EndGlobalSection
EndGlobal
